
Microsoft Visual Studio Solution File, Format Version 12.00
# Visual Studio Version 17
VisualStudioVersion = 17.8.34511.84
MinimumVisualStudioVersion = 10.0.40219.1
Project("{FAE04EC0-301F-11D3-BF4B-00C04F79EFBC}") = "ControleContas", "ControleContas\ControleContas.csproj", "{3148C5AC-1304-436B-B5C2-6EEFCF088358}"
EndProject
Project("{FAE04EC0-301F-11D3-BF4B-00C04F79EFBC}") = "Testes", "TesteConta\Testes.csproj", "{A374551B-9F40-4EB5-8AA9-0660B80190D7}"
EndProject
Global
	GlobalSection(SolutionConfigurationPlatforms) = preSolution
		Debug|Any CPU = Debug|Any CPU
		Release|Any CPU = Release|Any CPU
	EndGlobalSection
	GlobalSection(ProjectConfigurationPlatforms) = postSolution
		{3148C5AC-1304-436B-B5C2-6EEFCF088358}.Debug|Any CPU.ActiveCfg = Debug|Any CPU
		{3148C5AC-1304-436B-B5C2-6EEFCF088358}.Debug|Any CPU.Build.0 = Debug|Any CPU
		{3148C5AC-1304-436B-B5C2-6EEFCF088358}.Release|Any CPU.ActiveCfg = Release|Any CPU
		{3148C5AC-1304-436B-B5C2-6EEFCF088358}.Release|Any CPU.Build.0 = Release|Any CPU
		{A374551B-9F40-4EB5-8AA9-0660B80190D7}.Debug|Any CPU.ActiveCfg = Debug|Any CPU
		{A374551B-9F40-4EB5-8AA9-0660B80190D7}.Debug|Any CPU.Build.0 = Debug|Any CPU
		{A374551B-9F40-4EB5-8AA9-0660B80190D7}.Release|Any CPU.ActiveCfg = Release|Any CPU
		{A374551B-9F40-4EB5-8AA9-0660B80190D7}.Release|Any CPU.Build.0 = Release|Any CPU
	EndGlobalSection
	GlobalSection(SolutionProperties) = preSolution
		HideSolutionNode = FALSE
	EndGlobalSection
	GlobalSection(ExtensibilityGlobals) = postSolution
		SolutionGuid = {0AF7F9ED-C4ED-462B-A8BE-62FDEEC35AD2}
	EndGlobalSection
EndGlobal
